// !$*UTF8*$!
{
	archiveVersion = 1;
	classes = {
	};
	objectVersion = 46;
	objects = {

/* Begin PBXBuildFile section */
		8501BBD41D6D969400E142F1 /* AppDelegate.swift in Sources */ = {isa = PBXBuildFile; fileRef = 8501BBD31D6D969400E142F1 /* AppDelegate.swift */; };
		8501BBD61D6D969400E142F1 /* MainVC.swift in Sources */ = {isa = PBXBuildFile; fileRef = 8501BBD51D6D969400E142F1 /* MainVC.swift */; };
		8501BBD91D6D969400E142F1 /* Main.storyboard in Resources */ = {isa = PBXBuildFile; fileRef = 8501BBD71D6D969400E142F1 /* Main.storyboard */; };
		8501BBDB1D6D969400E142F1 /* Assets.xcassets in Resources */ = {isa = PBXBuildFile; fileRef = 8501BBDA1D6D969400E142F1 /* Assets.xcassets */; };
		8501BBDE1D6D969400E142F1 /* LaunchScreen.storyboard in Resources */ = {isa = PBXBuildFile; fileRef = 8501BBDC1D6D969400E142F1 /* LaunchScreen.storyboard */; };
		8501BBEA1D6D9A8500E142F1 /* pokemon.csv in Resources */ = {isa = PBXBuildFile; fileRef = 8501BBE91D6D9A8500E142F1 /* pokemon.csv */; };
		8501BBEC1D6D9C0900E142F1 /* Pokemon.swift in Sources */ = {isa = PBXBuildFile; fileRef = 8501BBEB1D6D9C0900E142F1 /* Pokemon.swift */; };
		8501BBEE1D6DA1C900E142F1 /* PokeCell.swift in Sources */ = {isa = PBXBuildFile; fileRef = 8501BBED1D6DA1C900E142F1 /* PokeCell.swift */; };
		8501BBF01D6DB4B200E142F1 /* csv.swift in Sources */ = {isa = PBXBuildFile; fileRef = 8501BBEF1D6DB4B200E142F1 /* csv.swift */; };
		8501BBF31D6DBC8600E142F1 /* pokedexmusic.mp3 in Resources */ = {isa = PBXBuildFile; fileRef = 8501BBF21D6DBC8600E142F1 /* pokedexmusic.mp3 */; };
		8501BBF51D6DBD6300E142F1 /* pokemon.ttf in Resources */ = {isa = PBXBuildFile; fileRef = 8501BBF41D6DBD6300E142F1 /* pokemon.ttf */; };
		8501BBF71D6DBDB200E142F1 /* Pokedex.ttf in Resources */ = {isa = PBXBuildFile; fileRef = 8501BBF61D6DBDB200E142F1 /* Pokedex.ttf */; };
		8573B8A31D7581E10005243C /* PokemonDetailVC.swift in Sources */ = {isa = PBXBuildFile; fileRef = 8573B8A21D7581E10005243C /* PokemonDetailVC.swift */; };
		8573B8A51D75A6660005243C /* Constants.swift in Sources */ = {isa = PBXBuildFile; fileRef = 8573B8A41D75A6660005243C /* Constants.swift */; };
/* End PBXBuildFile section */

/* Begin PBXFileReference section */
		8501BBD01D6D969400E142F1 /* Pokedex-xcode8-swift3.app */ = {isa = PBXFileReference; explicitFileType = wrapper.application; includeInIndex = 0; path = "Pokedex-xcode8-swift3.app"; sourceTree = BUILT_PRODUCTS_DIR; };
		8501BBD31D6D969400E142F1 /* AppDelegate.swift */ = {isa = PBXFileReference; lastKnownFileType = sourcecode.swift; path = AppDelegate.swift; sourceTree = "<group>"; };
		8501BBD51D6D969400E142F1 /* MainVC.swift */ = {isa = PBXFileReference; lastKnownFileType = sourcecode.swift; path = MainVC.swift; sourceTree = "<group>"; };
		8501BBD81D6D969400E142F1 /* Base */ = {isa = PBXFileReference; lastKnownFileType = file.storyboard; name = Base; path = Base.lproj/Main.storyboard; sourceTree = "<group>"; };
		8501BBDA1D6D969400E142F1 /* Assets.xcassets */ = {isa = PBXFileReference; lastKnownFileType = folder.assetcatalog; path = Assets.xcassets; sourceTree = "<group>"; };
		8501BBDD1D6D969400E142F1 /* Base */ = {isa = PBXFileReference; lastKnownFileType = file.storyboard; name = Base; path = Base.lproj/LaunchScreen.storyboard; sourceTree = "<group>"; };
		8501BBDF1D6D969400E142F1 /* Info.plist */ = {isa = PBXFileReference; lastKnownFileType = text.plist.xml; path = Info.plist; sourceTree = "<group>"; };
		8501BBE91D6D9A8500E142F1 /* pokemon.csv */ = {isa = PBXFileReference; fileEncoding = 4; lastKnownFileType = text; path = pokemon.csv; sourceTree = "<group>"; };
		8501BBEB1D6D9C0900E142F1 /* Pokemon.swift */ = {isa = PBXFileReference; fileEncoding = 4; lastKnownFileType = sourcecode.swift; path = Pokemon.swift; sourceTree = "<group>"; };
		8501BBED1D6DA1C900E142F1 /* PokeCell.swift */ = {isa = PBXFileReference; fileEncoding = 4; lastKnownFileType = sourcecode.swift; path = PokeCell.swift; sourceTree = "<group>"; };
		8501BBEF1D6DB4B200E142F1 /* csv.swift */ = {isa = PBXFileReference; fileEncoding = 4; lastKnownFileType = sourcecode.swift; path = csv.swift; sourceTree = "<group>"; };
		8501BBF21D6DBC8600E142F1 /* pokedexmusic.mp3 */ = {isa = PBXFileReference; lastKnownFileType = audio.mp3; path = pokedexmusic.mp3; sourceTree = "<group>"; };
		8501BBF41D6DBD6300E142F1 /* pokemon.ttf */ = {isa = PBXFileReference; lastKnownFileType = file; path = pokemon.ttf; sourceTree = "<group>"; };
		8501BBF61D6DBDB200E142F1 /* Pokedex.ttf */ = {isa = PBXFileReference; lastKnownFileType = file; path = Pokedex.ttf; sourceTree = "<group>"; };
		8573B8A21D7581E10005243C /* PokemonDetailVC.swift */ = {isa = PBXFileReference; fileEncoding = 4; lastKnownFileType = sourcecode.swift; path = PokemonDetailVC.swift; sourceTree = "<group>"; };
		8573B8A41D75A6660005243C /* Constants.swift */ = {isa = PBXFileReference; fileEncoding = 4; lastKnownFileType = sourcecode.swift; path = Constants.swift; sourceTree = "<group>"; };
/* End PBXFileReference section */

/* Begin PBXFrameworksBuildPhase section */
		8501BBCD1D6D969400E142F1 /* Frameworks */ = {
			isa = PBXFrameworksBuildPhase;
			buildActionMask = 2147483647;
			files = (
			);
			runOnlyForDeploymentPostprocessing = 0;
		};
/* End PBXFrameworksBuildPhase section */

/* Begin PBXGroup section */
		8501BBC71D6D969300E142F1 = {
			isa = PBXGroup;
			children = (
				8501BBD21D6D969400E142F1 /* Pokedex-xcode8-swift3 */,
				8501BBD11D6D969400E142F1 /* Products */,
			);
			sourceTree = "<group>";
		};
		8501BBD11D6D969400E142F1 /* Products */ = {
			isa = PBXGroup;
			children = (
				8501BBD01D6D969400E142F1 /* Pokedex-xcode8-swift3.app */,
			);
			name = Products;
			sourceTree = "<group>";
		};
		8501BBD21D6D969400E142F1 /* Pokedex-xcode8-swift3 */ = {
			isa = PBXGroup;
			children = (
				8501BBF11D6DBB6700E142F1 /* Utilities */,
				8501BBE81D6D9A1900E142F1 /* Resources */,
				8501BBE71D6D98EB00E142F1 /* Model */,
				8501BBE61D6D98E600E142F1 /* View */,
				8501BBE51D6D98DE00E142F1 /* Controller */,
				8501BBD31D6D969400E142F1 /* AppDelegate.swift */,
				8501BBD71D6D969400E142F1 /* Main.storyboard */,
				8501BBDA1D6D969400E142F1 /* Assets.xcassets */,
				8501BBDC1D6D969400E142F1 /* LaunchScreen.storyboard */,
				8501BBDF1D6D969400E142F1 /* Info.plist */,
			);
			path = "Pokedex-xcode8-swift3";
			sourceTree = "<group>";
		};
		8501BBE51D6D98DE00E142F1 /* Controller */ = {
			isa = PBXGroup;
			children = (
				8501BBD51D6D969400E142F1 /* MainVC.swift */,
				8573B8A21D7581E10005243C /* PokemonDetailVC.swift */,
			);
			name = Controller;
			sourceTree = "<group>";
		};
		8501BBE61D6D98E600E142F1 /* View */ = {
			isa = PBXGroup;
			children = (
				8501BBED1D6DA1C900E142F1 /* PokeCell.swift */,
			);
			name = View;
			sourceTree = "<group>";
		};
		8501BBE71D6D98EB00E142F1 /* Model */ = {
			isa = PBXGroup;
			children = (
				8501BBEB1D6D9C0900E142F1 /* Pokemon.swift */,
			);
			name = Model;
			sourceTree = "<group>";
		};
		8501BBE81D6D9A1900E142F1 /* Resources */ = {
			isa = PBXGroup;
			children = (
				8501BBE91D6D9A8500E142F1 /* pokemon.csv */,
				8501BBF21D6DBC8600E142F1 /* pokedexmusic.mp3 */,
				8501BBF41D6DBD6300E142F1 /* pokemon.ttf */,
				8501BBF61D6DBDB200E142F1 /* Pokedex.ttf */,
			);
			name = Resources;
			sourceTree = "<group>";
		};
		8501BBF11D6DBB6700E142F1 /* Utilities */ = {
			isa = PBXGroup;
			children = (
				8501BBEF1D6DB4B200E142F1 /* csv.swift */,
				8573B8A41D75A6660005243C /* Constants.swift */,
			);
			name = Utilities;
			sourceTree = "<group>";
		};
/* End PBXGroup section */

/* Begin PBXNativeTarget section */
		8501BBCF1D6D969400E142F1 /* Pokedex-xcode8-swift3 */ = {
			isa = PBXNativeTarget;
			buildConfigurationList = 8501BBE21D6D969400E142F1 /* Build configuration list for PBXNativeTarget "Pokedex-xcode8-swift3" */;
			buildPhases = (
				8501BBCC1D6D969400E142F1 /* Sources */,
				8501BBCD1D6D969400E142F1 /* Frameworks */,
				8501BBCE1D6D969400E142F1 /* Resources */,
			);
			buildRules = (
			);
			dependencies = (
			);
			name = "Pokedex-xcode8-swift3";
			productName = "Pokedex-xcode8-swift3";
			productReference = 8501BBD01D6D969400E142F1 /* Pokedex-xcode8-swift3.app */;
			productType = "com.apple.product-type.application";
		};
/* End PBXNativeTarget section */

/* Begin PBXProject section */
		8501BBC81D6D969300E142F1 /* Project object */ = {
			isa = PBXProject;
			attributes = {
				LastSwiftUpdateCheck = 0800;
				LastUpgradeCheck = 0800;
				ORGANIZATIONNAME = "Mark Booster";
				TargetAttributes = {
					8501BBCF1D6D969400E142F1 = {
						CreatedOnToolsVersion = 8.0;
						LastSwiftMigration = 0800;
						ProvisioningStyle = Automatic;
					};
				};
			};
			buildConfigurationList = 8501BBCB1D6D969300E142F1 /* Build configuration list for PBXProject "Pokedex-xcode8-swift3" */;
			compatibilityVersion = "Xcode 3.2";
			developmentRegion = English;
			hasScannedForEncodings = 0;
			knownRegions = (
				en,
				Base,
			);
			mainGroup = 8501BBC71D6D969300E142F1;
			productRefGroup = 8501BBD11D6D969400E142F1 /* Products */;
			projectDirPath = "";
			projectRoot = "";
			targets = (
				8501BBCF1D6D969400E142F1 /* Pokedex-xcode8-swift3 */,
			);
		};
/* End PBXProject section */

/* Begin PBXResourcesBuildPhase section */
		8501BBCE1D6D969400E142F1 /* Resources */ = {
			isa = PBXResourcesBuildPhase;
			buildActionMask = 2147483647;
			files = (
				8501BBF31D6DBC8600E142F1 /* pokedexmusic.mp3 in Resources */,
				8501BBDE1D6D969400E142F1 /* LaunchScreen.storyboard in Resources */,
				8501BBDB1D6D969400E142F1 /* Assets.xcassets in Resources */,
				8501BBEA1D6D9A8500E142F1 /* pokemon.csv in Resources */,
				8501BBF51D6DBD6300E142F1 /* pokemon.ttf in Resources */,
				8501BBD91D6D969400E142F1 /* Main.storyboard in Resources */,
				8501BBF71D6DBDB200E142F1 /* Pokedex.ttf in Resources */,
			);
			runOnlyForDeploymentPostprocessing = 0;
		};
/* End PBXResourcesBuildPhase section */

/* Begin PBXSourcesBuildPhase section */
		8501BBCC1D6D969400E142F1 /* Sources */ = {
			isa = PBXSourcesBuildPhase;
			buildActionMask = 2147483647;
			files = (
				8501BBEE1D6DA1C900E142F1 /* PokeCell.swift in Sources */,
				8501BBD61D6D969400E142F1 /* MainVC.swift in Sources */,
				8501BBD41D6D969400E142F1 /* AppDelegate.swift in Sources */,
				8573B8A31D7581E10005243C /* PokemonDetailVC.swift in Sources */,
				8573B8A51D75A6660005243C /* Constants.swift in Sources */,
				8501BBEC1D6D9C0900E142F1 /* Pokemon.swift in Sources */,
				8501BBF01D6DB4B200E142F1 /* csv.swift in Sources */,
			);
			runOnlyForDeploymentPostprocessing = 0;
		};
/* End PBXSourcesBuildPhase section */

/* Begin PBXVariantGroup section */
		8501BBD71D6D969400E142F1 /* Main.storyboard */ = {
			isa = PBXVariantGroup;
			children = (
				8501BBD81D6D969400E142F1 /* Base */,
			);
			name = Main.storyboard;
			sourceTree = "<group>";
		};
		8501BBDC1D6D969400E142F1 /* LaunchScreen.storyboard */ = {
			isa = PBXVariantGroup;
			children = (
				8501BBDD1D6D969400E142F1 /* Base */,
			);
			name = LaunchScreen.storyboard;
			sourceTree = "<group>";
		};
/* End PBXVariantGroup section */

/* Begin XCBuildConfiguration section */
		8501BBE01D6D969400E142F1 /* Debug */ = {
			isa = XCBuildConfiguration;
			buildSettings = {
				ALWAYS_SEARCH_USER_PATHS = NO;
				CLANG_ANALYZER_NONNULL = YES;
				CLANG_CXX_LANGUAGE_STANDARD = "gnu++0x";
				CLANG_CXX_LIBRARY = "libc++";
				CLANG_ENABLE_MODULES = YES;
				CLANG_ENABLE_OBJC_ARC = YES;
				CLANG_WARN_BOOL_CONVERSION = YES;
				CLANG_WARN_CONSTANT_CONVERSION = YES;
				CLANG_WARN_DIRECT_OBJC_ISA_USAGE = YES_ERROR;
				CLANG_WARN_DOCUMENTATION_COMMENTS = YES;
				CLANG_WARN_EMPTY_BODY = YES;
				CLANG_WARN_ENUM_CONVERSION = YES;
				CLANG_WARN_INFINITE_RECURSION = YES;
				CLANG_WARN_INT_CONVERSION = YES;
				CLANG_WARN_OBJC_ROOT_CLASS = YES_ERROR;
				CLANG_WARN_SUSPICIOUS_MOVES = YES;
				CLANG_WARN_UNREACHABLE_CODE = YES;
				CLANG_WARN__DUPLICATE_METHOD_MATCH = YES;
				"CODE_SIGN_IDENTITY[sdk=iphoneos*]" = "iPhone Developer";
				COPY_PHASE_STRIP = NO;
				DEBUG_INFORMATION_FORMAT = dwarf;
				ENABLE_STRICT_OBJC_MSGSEND = YES;
				ENABLE_TESTABILITY = YES;
				GCC_C_LANGUAGE_STANDARD = gnu99;
				GCC_DYNAMIC_NO_PIC = NO;
				GCC_NO_COMMON_BLOCKS = YES;
				GCC_OPTIMIZATION_LEVEL = 0;
				GCC_PREPROCESSOR_DEFINITIONS = (
					"DEBUG=1",
					"$(inherited)",
				);
				GCC_WARN_64_TO_32_BIT_CONVERSION = YES;
				GCC_WARN_ABOUT_RETURN_TYPE = YES_ERROR;
				GCC_WARN_UNDECLARED_SELECTOR = YES;
				GCC_WARN_UNINITIALIZED_AUTOS = YES_AGGRESSIVE;
				GCC_WARN_UNUSED_FUNCTION = YES;
				GCC_WARN_UNUSED_VARIABLE = YES;
				IPHONEOS_DEPLOYMENT_TARGET = 10.0;
				MTL_ENABLE_DEBUG_INFO = YES;
				ONLY_ACTIVE_ARCH = YES;
				SDKROOT = iphoneos;
				SWIFT_ACTIVE_COMPILATION_CONDITIONS = DEBUG;
				SWIFT_OPTIMIZATION_LEVEL = "-Onone";
				TARGETED_DEVICE_FAMILY = "1,2";
			};
			name = Debug;
		};
		8501BBE11D6D969400E142F1 /* Release */ = {
			isa = XCBuildConfiguration;
			buildSettings = {
				ALWAYS_SEARCH_USER_PATHS = NO;
				CLANG_ANALYZER_NONNULL = YES;
				CLANG_CXX_LANGUAGE_STANDARD = "gnu++0x";
				CLANG_CXX_LIBRARY = "libc++";
				CLANG_ENABLE_MODULES = YES;
				CLANG_ENABLE_OBJC_ARC = YES;
				CLANG_WARN_BOOL_CONVERSION = YES;
				CLANG_WARN_CONSTANT_CONVERSION = YES;
				CLANG_WARN_DIRECT_OBJC_ISA_USAGE = YES_ERROR;
				CLANG_WARN_DOCUMENTATION_COMMENTS = YES;
				CLANG_WARN_EMPTY_BODY = YES;
				CLANG_WARN_ENUM_CONVERSION = YES;
				CLANG_WARN_INFINITE_RECURSION = YES;
				CLANG_WARN_INT_CONVERSION = YES;
				CLANG_WARN_OBJC_ROOT_CLASS = YES_ERROR;
				CLANG_WARN_SUSPICIOUS_MOVES = YES;
				CLANG_WARN_UNREACHABLE_CODE = YES;
				CLANG_WARN__DUPLICATE_METHOD_MATCH = YES;
				"CODE_SIGN_IDENTITY[sdk=iphoneos*]" = "iPhone Developer";
				COPY_PHASE_STRIP = NO;
				DEBUG_INFORMATION_FORMAT = "dwarf-with-dsym";
				ENABLE_NS_ASSERTIONS = NO;
				ENABLE_STRICT_OBJC_MSGSEND = YES;
				GCC_C_LANGUAGE_STANDARD = gnu99;
				GCC_NO_COMMON_BLOCKS = YES;
				GCC_WARN_64_TO_32_BIT_CONVERSION = YES;
				GCC_WARN_ABOUT_RETURN_TYPE = YES_ERROR;
				GCC_WARN_UNDECLARED_SELECTOR = YES;
				GCC_WARN_UNINITIALIZED_AUTOS = YES_AGGRESSIVE;
				GCC_WARN_UNUSED_FUNCTION = YES;
				GCC_WARN_UNUSED_VARIABLE = YES;
				IPHONEOS_DEPLOYMENT_TARGET = 10.0;
				MTL_ENABLE_DEBUG_INFO = NO;
				SDKROOT = iphoneos;
				SWIFT_OPTIMIZATION_LEVEL = "-Owholemodule";
				TARGETED_DEVICE_FAMILY = "1,2";
				VALIDATE_PRODUCT = YES;
			};
			name = Release;
		};
		8501BBE31D6D969400E142F1 /* Debug */ = {
			isa = XCBuildConfiguration;
			buildSettings = {
				ASSETCATALOG_COMPILER_APPICON_NAME = AppIcon;
				INFOPLIST_FILE = "Pokedex-xcode8-swift3/Info.plist";
				LD_RUNPATH_SEARCH_PATHS = "$(inherited) @executable_path/Frameworks";
				PRODUCT_BUNDLE_IDENTIFIER = "Athic.Pokedex-xcode8-swift3";
				PRODUCT_NAME = "$(TARGET_NAME)";
				SWIFT_VERSION = 3.0;
			};
			name = Debug;
		};
		8501BBE41D6D969400E142F1 /* Release */ = {
			isa = XCBuildConfiguration;
			buildSettings = {
				ASSETCATALOG_COMPILER_APPICON_NAME = AppIcon;
				INFOPLIST_FILE = "Pokedex-xcode8-swift3/Info.plist";
				LD_RUNPATH_SEARCH_PATHS = "$(inherited) @executable_path/Frameworks";
				PRODUCT_BUNDLE_IDENTIFIER = "Athic.Pokedex-xcode8-swift3";
				PRODUCT_NAME = "$(TARGET_NAME)";
				SWIFT_VERSION = 3.0;
			};
			name = Release;
		};
/* End XCBuildConfiguration section */

/* Begin XCConfigurationList section */
		8501BBCB1D6D969300E142F1 /* Build configuration list for PBXProject "Pokedex-xcode8-swift3" */ = {
			isa = XCConfigurationList;
			buildConfigurations = (
				8501BBE01D6D969400E142F1 /* Debug */,
				8501BBE11D6D969400E142F1 /* Release */,
			);
			defaultConfigurationIsVisible = 0;
			defaultConfigurationName = Release;
		};
		8501BBE21D6D969400E142F1 /* Build configuration list for PBXNativeTarget "Pokedex-xcode8-swift3" */ = {
			isa = XCConfigurationList;
			buildConfigurations = (
				8501BBE31D6D969400E142F1 /* Debug */,
				8501BBE41D6D969400E142F1 /* Release */,
			);
			defaultConfigurationIsVisible = 0;
			defaultConfigurationName = Release;
		};
/* End XCConfigurationList section */
	};
	rootObject = 8501BBC81D6D969300E142F1 /* Project object */;
}
